
Microsoft Visual Studio Solution File, Format Version 12.00
#
Project("{FAE04EC0-301F-11D3-BF4B-00C04F79EFBC}") = "FactoryMethod", "FactoryMethod\FactoryMethod.csproj", "{35129035-9A6E-4C1A-B989-FD2DF1305186}"
EndProject
Project("{FAE04EC0-301F-11D3-BF4B-00C04F79EFBC}") = "Singleton", "Singleton\Singleton.csproj", "{1A6FD0EC-90DD-4C4E-8B23-1C60EC6A430A}"
EndProject
Project("{FAE04EC0-301F-11D3-BF4B-00C04F79EFBC}") = "Builder", "Builder\Builder.csproj", "{8E334A4A-1544-4420-BD41-0BF7562219D0}"
EndProject
Project("{FAE04EC0-301F-11D3-BF4B-00C04F79EFBC}") = "Prototype", "Prototype\Prototype.csproj", "{31492CAB-45A9-4B9C-A657-0CC49C7D08B9}"
EndProject
Project("{FAE04EC0-301F-11D3-BF4B-00C04F79EFBC}") = "AbstractFactory", "AbstractFactory\AbstractFactory.csproj", "{3A3B09A0-4061-44A0-9AAA-EC5CD871E30C}"
EndProject
Project("{FAE04EC0-301F-11D3-BF4B-00C04F79EFBC}") = "Adapter", "Adapter\Adapter.csproj", "{661AEC4D-DFA4-427A-B727-26E8503D487F}"
EndProject
Project("{FAE04EC0-301F-11D3-BF4B-00C04F79EFBC}") = "Bridge", "Bridge\Bridge.csproj", "{D2AE9093-A1D5-424B-9210-4EC835F68A6C}"
EndProject
Project("{FAE04EC0-301F-11D3-BF4B-00C04F79EFBC}") = "Composite", "Composite\Composite.csproj", "{951FAFA0-8E67-4B7E-968D-4737E0CB1769}"
EndProject
Project("{FAE04EC0-301F-11D3-BF4B-00C04F79EFBC}") = "Decorator", "Decorator\Decorator.csproj", "{110BF92F-C197-47BE-B2FB-7D318F79D31D}"
EndProject
Project("{FAE04EC0-301F-11D3-BF4B-00C04F79EFBC}") = "Facade", "Facade\Facade.csproj", "{394314E7-3AF0-49B2-BAFF-E05CAA06C79E}"
EndProject
Project("{FAE04EC0-301F-11D3-BF4B-00C04F79EFBC}") = "Proxy", "Proxy\Proxy.csproj", "{313F6466-5993-459E-892E-E88A34CB922E}"
EndProject
Project("{FAE04EC0-301F-11D3-BF4B-00C04F79EFBC}") = "Flyweight", "Flyweight\Flyweight.csproj", "{5D09C734-7D8B-4FEE-9799-D38FB0AA995A}"
EndProject
Project("{FAE04EC0-301F-11D3-BF4B-00C04F79EFBC}") = "ChainofResponsibility", "ChainofResponsibility\ChainofResponsibility.csproj", "{4CD4A339-10AB-4A37-BFF5-D67B2876B8F6}"
EndProject
Project("{FAE04EC0-301F-11D3-BF4B-00C04F79EFBC}") = "Strategy", "Strategy\Strategy.csproj", "{D9F9E390-7AAF-4DFC-8A9B-2A105D0FF5C0}"
EndProject
Project("{FAE04EC0-301F-11D3-BF4B-00C04F79EFBC}") = "State", "State\State.csproj", "{E4CDEBF5-5E40-4316-8021-CE4F988D12C3}"
EndProject
Project("{FAE04EC0-301F-11D3-BF4B-00C04F79EFBC}") = "Observer", "Observer\Observer.csproj", "{A0B019ED-12FC-477B-BDD3-1F7E5E39D38D}"
EndProject
Project("{FAE04EC0-301F-11D3-BF4B-00C04F79EFBC}") = "TemplateMethod", "TemplateMethod\TemplateMethod.csproj", "{F76B5BF2-CF6D-4449-B749-EF1FD8FFFD1B}"
EndProject
Project("{FAE04EC0-301F-11D3-BF4B-00C04F79EFBC}") = "Visitor", "Visitor\Visitor.csproj", "{9F60A01A-491E-4BA7-84C4-0943160D5453}"
EndProject
Global
	GlobalSection(SolutionConfigurationPlatforms) = preSolution
		Debug|Any CPU = Debug|Any CPU
		Release|Any CPU = Release|Any CPU
	EndGlobalSection
	GlobalSection(ProjectConfigurationPlatforms) = postSolution
		{35129035-9A6E-4C1A-B989-FD2DF1305186}.Debug|Any CPU.ActiveCfg = Debug|Any CPU
		{35129035-9A6E-4C1A-B989-FD2DF1305186}.Debug|Any CPU.Build.0 = Debug|Any CPU
		{35129035-9A6E-4C1A-B989-FD2DF1305186}.Release|Any CPU.ActiveCfg = Release|Any CPU
		{35129035-9A6E-4C1A-B989-FD2DF1305186}.Release|Any CPU.Build.0 = Release|Any CPU
		{1A6FD0EC-90DD-4C4E-8B23-1C60EC6A430A}.Debug|Any CPU.ActiveCfg = Debug|Any CPU
		{1A6FD0EC-90DD-4C4E-8B23-1C60EC6A430A}.Debug|Any CPU.Build.0 = Debug|Any CPU
		{1A6FD0EC-90DD-4C4E-8B23-1C60EC6A430A}.Release|Any CPU.ActiveCfg = Release|Any CPU
		{1A6FD0EC-90DD-4C4E-8B23-1C60EC6A430A}.Release|Any CPU.Build.0 = Release|Any CPU
		{8E334A4A-1544-4420-BD41-0BF7562219D0}.Debug|Any CPU.ActiveCfg = Debug|Any CPU
		{8E334A4A-1544-4420-BD41-0BF7562219D0}.Debug|Any CPU.Build.0 = Debug|Any CPU
		{8E334A4A-1544-4420-BD41-0BF7562219D0}.Release|Any CPU.ActiveCfg = Release|Any CPU
		{8E334A4A-1544-4420-BD41-0BF7562219D0}.Release|Any CPU.Build.0 = Release|Any CPU
		{31492CAB-45A9-4B9C-A657-0CC49C7D08B9}.Debug|Any CPU.ActiveCfg = Debug|Any CPU
		{31492CAB-45A9-4B9C-A657-0CC49C7D08B9}.Debug|Any CPU.Build.0 = Debug|Any CPU
		{31492CAB-45A9-4B9C-A657-0CC49C7D08B9}.Release|Any CPU.ActiveCfg = Release|Any CPU
		{31492CAB-45A9-4B9C-A657-0CC49C7D08B9}.Release|Any CPU.Build.0 = Release|Any CPU
		{3A3B09A0-4061-44A0-9AAA-EC5CD871E30C}.Debug|Any CPU.ActiveCfg = Debug|Any CPU
		{3A3B09A0-4061-44A0-9AAA-EC5CD871E30C}.Debug|Any CPU.Build.0 = Debug|Any CPU
		{3A3B09A0-4061-44A0-9AAA-EC5CD871E30C}.Release|Any CPU.ActiveCfg = Release|Any CPU
		{3A3B09A0-4061-44A0-9AAA-EC5CD871E30C}.Release|Any CPU.Build.0 = Release|Any CPU
		{661AEC4D-DFA4-427A-B727-26E8503D487F}.Debug|Any CPU.ActiveCfg = Debug|Any CPU
		{661AEC4D-DFA4-427A-B727-26E8503D487F}.Debug|Any CPU.Build.0 = Debug|Any CPU
		{661AEC4D-DFA4-427A-B727-26E8503D487F}.Release|Any CPU.ActiveCfg = Release|Any CPU
		{661AEC4D-DFA4-427A-B727-26E8503D487F}.Release|Any CPU.Build.0 = Release|Any CPU
		{D2AE9093-A1D5-424B-9210-4EC835F68A6C}.Debug|Any CPU.ActiveCfg = Debug|Any CPU
		{D2AE9093-A1D5-424B-9210-4EC835F68A6C}.Debug|Any CPU.Build.0 = Debug|Any CPU
		{D2AE9093-A1D5-424B-9210-4EC835F68A6C}.Release|Any CPU.ActiveCfg = Release|Any CPU
		{D2AE9093-A1D5-424B-9210-4EC835F68A6C}.Release|Any CPU.Build.0 = Release|Any CPU
		{951FAFA0-8E67-4B7E-968D-4737E0CB1769}.Debug|Any CPU.ActiveCfg = Debug|Any CPU
		{951FAFA0-8E67-4B7E-968D-4737E0CB1769}.Debug|Any CPU.Build.0 = Debug|Any CPU
		{951FAFA0-8E67-4B7E-968D-4737E0CB1769}.Release|Any CPU.ActiveCfg = Release|Any CPU
		{951FAFA0-8E67-4B7E-968D-4737E0CB1769}.Release|Any CPU.Build.0 = Release|Any CPU
		{110BF92F-C197-47BE-B2FB-7D318F79D31D}.Debug|Any CPU.ActiveCfg = Debug|Any CPU
		{110BF92F-C197-47BE-B2FB-7D318F79D31D}.Debug|Any CPU.Build.0 = Debug|Any CPU
		{110BF92F-C197-47BE-B2FB-7D318F79D31D}.Release|Any CPU.ActiveCfg = Release|Any CPU
		{110BF92F-C197-47BE-B2FB-7D318F79D31D}.Release|Any CPU.Build.0 = Release|Any CPU
		{394314E7-3AF0-49B2-BAFF-E05CAA06C79E}.Debug|Any CPU.ActiveCfg = Debug|Any CPU
		{394314E7-3AF0-49B2-BAFF-E05CAA06C79E}.Debug|Any CPU.Build.0 = Debug|Any CPU
		{394314E7-3AF0-49B2-BAFF-E05CAA06C79E}.Release|Any CPU.ActiveCfg = Release|Any CPU
		{394314E7-3AF0-49B2-BAFF-E05CAA06C79E}.Release|Any CPU.Build.0 = Release|Any CPU
		{313F6466-5993-459E-892E-E88A34CB922E}.Debug|Any CPU.ActiveCfg = Debug|Any CPU
		{313F6466-5993-459E-892E-E88A34CB922E}.Debug|Any CPU.Build.0 = Debug|Any CPU
		{313F6466-5993-459E-892E-E88A34CB922E}.Release|Any CPU.ActiveCfg = Release|Any CPU
		{313F6466-5993-459E-892E-E88A34CB922E}.Release|Any CPU.Build.0 = Release|Any CPU
		{5D09C734-7D8B-4FEE-9799-D38FB0AA995A}.Debug|Any CPU.ActiveCfg = Debug|Any CPU
		{5D09C734-7D8B-4FEE-9799-D38FB0AA995A}.Debug|Any CPU.Build.0 = Debug|Any CPU
		{5D09C734-7D8B-4FEE-9799-D38FB0AA995A}.Release|Any CPU.ActiveCfg = Release|Any CPU
		{5D09C734-7D8B-4FEE-9799-D38FB0AA995A}.Release|Any CPU.Build.0 = Release|Any CPU
		{4CD4A339-10AB-4A37-BFF5-D67B2876B8F6}.Debug|Any CPU.ActiveCfg = Debug|Any CPU
		{4CD4A339-10AB-4A37-BFF5-D67B2876B8F6}.Debug|Any CPU.Build.0 = Debug|Any CPU
		{4CD4A339-10AB-4A37-BFF5-D67B2876B8F6}.Release|Any CPU.ActiveCfg = Release|Any CPU
		{4CD4A339-10AB-4A37-BFF5-D67B2876B8F6}.Release|Any CPU.Build.0 = Release|Any CPU
		{D9F9E390-7AAF-4DFC-8A9B-2A105D0FF5C0}.Debug|Any CPU.ActiveCfg = Debug|Any CPU
		{D9F9E390-7AAF-4DFC-8A9B-2A105D0FF5C0}.Debug|Any CPU.Build.0 = Debug|Any CPU
		{D9F9E390-7AAF-4DFC-8A9B-2A105D0FF5C0}.Release|Any CPU.ActiveCfg = Release|Any CPU
		{D9F9E390-7AAF-4DFC-8A9B-2A105D0FF5C0}.Release|Any CPU.Build.0 = Release|Any CPU
		{E4CDEBF5-5E40-4316-8021-CE4F988D12C3}.Debug|Any CPU.ActiveCfg = Debug|Any CPU
		{E4CDEBF5-5E40-4316-8021-CE4F988D12C3}.Debug|Any CPU.Build.0 = Debug|Any CPU
		{E4CDEBF5-5E40-4316-8021-CE4F988D12C3}.Release|Any CPU.ActiveCfg = Release|Any CPU
		{E4CDEBF5-5E40-4316-8021-CE4F988D12C3}.Release|Any CPU.Build.0 = Release|Any CPU
		{A0B019ED-12FC-477B-BDD3-1F7E5E39D38D}.Debug|Any CPU.ActiveCfg = Debug|Any CPU
		{A0B019ED-12FC-477B-BDD3-1F7E5E39D38D}.Debug|Any CPU.Build.0 = Debug|Any CPU
		{A0B019ED-12FC-477B-BDD3-1F7E5E39D38D}.Release|Any CPU.ActiveCfg = Release|Any CPU
		{A0B019ED-12FC-477B-BDD3-1F7E5E39D38D}.Release|Any CPU.Build.0 = Release|Any CPU
		{F76B5BF2-CF6D-4449-B749-EF1FD8FFFD1B}.Debug|Any CPU.ActiveCfg = Debug|Any CPU
		{F76B5BF2-CF6D-4449-B749-EF1FD8FFFD1B}.Debug|Any CPU.Build.0 = Debug|Any CPU
		{F76B5BF2-CF6D-4449-B749-EF1FD8FFFD1B}.Release|Any CPU.ActiveCfg = Release|Any CPU
		{F76B5BF2-CF6D-4449-B749-EF1FD8FFFD1B}.Release|Any CPU.Build.0 = Release|Any CPU
		{9F60A01A-491E-4BA7-84C4-0943160D5453}.Debug|Any CPU.ActiveCfg = Debug|Any CPU
		{9F60A01A-491E-4BA7-84C4-0943160D5453}.Debug|Any CPU.Build.0 = Debug|Any CPU
		{9F60A01A-491E-4BA7-84C4-0943160D5453}.Release|Any CPU.ActiveCfg = Release|Any CPU
		{9F60A01A-491E-4BA7-84C4-0943160D5453}.Release|Any CPU.Build.0 = Release|Any CPU
	EndGlobalSection
EndGlobal
