
Microsoft Visual Studio Solution File, Format Version 12.00
Project("{FAE04EC0-301F-11D3-BF4B-00C04F79EFBC}") = "FactoryMethod", "FactoryMethod\FactoryMethod.csproj", "{35129035-9A6E-4C1A-B989-FD2DF1305186}"
EndProject
Project("{FAE04EC0-301F-11D3-BF4B-00C04F79EFBC}") = "Singleton", "Singleton\Singleton.csproj", "{1A6FD0EC-90DD-4C4E-8B23-1C60EC6A430A}"
EndProject
Global
	GlobalSection(SolutionConfigurationPlatforms) = preSolution
		Debug|Any CPU = Debug|Any CPU
		Release|Any CPU = Release|Any CPU
	EndGlobalSection
	GlobalSection(ProjectConfigurationPlatforms) = postSolution
		{35129035-9A6E-4C1A-B989-FD2DF1305186}.Debug|Any CPU.ActiveCfg = Debug|Any CPU
		{35129035-9A6E-4C1A-B989-FD2DF1305186}.Debug|Any CPU.Build.0 = Debug|Any CPU
		{35129035-9A6E-4C1A-B989-FD2DF1305186}.Release|Any CPU.ActiveCfg = Release|Any CPU
		{35129035-9A6E-4C1A-B989-FD2DF1305186}.Release|Any CPU.Build.0 = Release|Any CPU
		{1A6FD0EC-90DD-4C4E-8B23-1C60EC6A430A}.Debug|Any CPU.ActiveCfg = Debug|Any CPU
		{1A6FD0EC-90DD-4C4E-8B23-1C60EC6A430A}.Debug|Any CPU.Build.0 = Debug|Any CPU
		{1A6FD0EC-90DD-4C4E-8B23-1C60EC6A430A}.Release|Any CPU.ActiveCfg = Release|Any CPU
		{1A6FD0EC-90DD-4C4E-8B23-1C60EC6A430A}.Release|Any CPU.Build.0 = Release|Any CPU
	EndGlobalSection
EndGlobal
