
Microsoft Visual Studio Solution File, Format Version 12.00
Project("{FAE04EC0-301F-11D3-BF4B-00C04F79EFBC}") = "API", "API\API.csproj", "{00F0E2C6-AE4F-449E-8624-257B0E1C3640}"
EndProject
Project("{FAE04EC0-301F-11D3-BF4B-00C04F79EFBC}") = "SOLID-SRP", "SOLID-SRP\SOLID-SRP.csproj", "{12A37B98-E717-4C79-8A0A-90D316A54D80}"
EndProject
Project("{FAE04EC0-301F-11D3-BF4B-00C04F79EFBC}") = "SOLID-OCP", "SOLID-OCP\SOLID-OCP.csproj", "{49608B76-A242-470D-A139-A8D797277D93}"
EndProject
Global
	GlobalSection(SolutionConfigurationPlatforms) = preSolution
		Debug|Any CPU = Debug|Any CPU
		Release|Any CPU = Release|Any CPU
	EndGlobalSection
	GlobalSection(ProjectConfigurationPlatforms) = postSolution
		{00F0E2C6-AE4F-449E-8624-257B0E1C3640}.Debug|Any CPU.ActiveCfg = Debug|Any CPU
		{00F0E2C6-AE4F-449E-8624-257B0E1C3640}.Debug|Any CPU.Build.0 = Debug|Any CPU
		{00F0E2C6-AE4F-449E-8624-257B0E1C3640}.Release|Any CPU.ActiveCfg = Release|Any CPU
		{00F0E2C6-AE4F-449E-8624-257B0E1C3640}.Release|Any CPU.Build.0 = Release|Any CPU
		{12A37B98-E717-4C79-8A0A-90D316A54D80}.Debug|Any CPU.ActiveCfg = Debug|Any CPU
		{12A37B98-E717-4C79-8A0A-90D316A54D80}.Debug|Any CPU.Build.0 = Debug|Any CPU
		{12A37B98-E717-4C79-8A0A-90D316A54D80}.Release|Any CPU.ActiveCfg = Release|Any CPU
		{12A37B98-E717-4C79-8A0A-90D316A54D80}.Release|Any CPU.Build.0 = Release|Any CPU
		{49608B76-A242-470D-A139-A8D797277D93}.Debug|Any CPU.ActiveCfg = Debug|Any CPU
		{49608B76-A242-470D-A139-A8D797277D93}.Debug|Any CPU.Build.0 = Debug|Any CPU
		{49608B76-A242-470D-A139-A8D797277D93}.Release|Any CPU.ActiveCfg = Release|Any CPU
		{49608B76-A242-470D-A139-A8D797277D93}.Release|Any CPU.Build.0 = Release|Any CPU
	EndGlobalSection
EndGlobal
